{
  "name": "05-proyecto",
  "version": "1.0.0",
  "lockfileVersion": 1,
  "requires": true,
  "dependencies": {
    "ariel-milib": {
      "version": "1.0.0",
      "resolved": "https://registry.npmjs.org/ariel-milib/-/ariel-milib-1.0.0.tgz",
      "integrity": "sha512-fxC+FvcuNkqa1wmnWHgxMYquN/UObKQczXMa2qhx0uJTnXbsRqYoiM674bggMB/Zk8bicG6YjpypSexDMvdm9g=="
    }
  }
}
